{
  "name": "shaper-embedding-example",
  "lockfileVersion": 3,
  "requires": true,
  "packages": {
    "": {
      "name": "shaper-embedding-example",
      "license": "MIT",
      "dependencies": {
        "@taleshape/shaper": "^0.24.1"
      }
    },
    "node_modules/@taleshape/shaper": {
      "version": "0.24.11",
      "resolved": "https://registry.npmjs.org/@taleshape/shaper/-/shaper-0.24.11.tgz",
      "integrity": "sha512-ocaj4NZfu1VirheW+xvbx4XjQIOdM81ALlb8mvjO0o/BE9wSv/WNIs7MZpb9zjIJ+qSJ4qwm8HroyQ5qJR8f2g==",
      "license": "MPL-2.0",
      "bin": {
        "shaper": "bin/shaper.js"
      },
      "engines": {
        "node": ">=18"
      },
      "optionalDependencies": {
        "@taleshape/shaper-darwin-arm64": "0.24.11",
        "@taleshape/shaper-darwin-x64": "0.24.11",
        "@taleshape/shaper-linux-arm64": "0.24.11",
        "@taleshape/shaper-linux-x64": "0.24.11"
      }
    },
    "node_modules/@taleshape/shaper-darwin-arm64": {
      "version": "0.24.11",
      "resolved": "https://registry.npmjs.org/@taleshape/shaper-darwin-arm64/-/shaper-darwin-arm64-0.24.11.tgz",
      "integrity": "sha512-qyVnayDKX+tLGW00QRW30/BSwGdytYEdG99f72uSYYikymwlG6hNmgYdZgt34wTFnV1hdCkeMobT7SDMduP7Pg==",
      "cpu": [
        "arm64"
      ],
      "license": "MPL-2.0",
      "optional": true,
      "os": [
        "darwin"
      ]
    },
    "node_modules/@taleshape/shaper-darwin-x64": {
      "version": "0.24.11",
      "resolved": "https://registry.npmjs.org/@taleshape/shaper-darwin-x64/-/shaper-darwin-x64-0.24.11.tgz",
      "integrity": "sha512-cXm/jwqUiFDU4byJ7EnaD4MZiD1Z//ZhcUoYLFyMs3quA387lRUclZPBHbBfK10oLbcx1MKHmMxeBCd1l2j74w==",
      "cpu": [
        "x64"
      ],
      "license": "MPL-2.0",
      "optional": true,
      "os": [
        "darwin"
      ]
    },
    "node_modules/@taleshape/shaper-linux-arm64": {
      "version": "0.24.11",
      "resolved": "https://registry.npmjs.org/@taleshape/shaper-linux-arm64/-/shaper-linux-arm64-0.24.11.tgz",
      "integrity": "sha512-MhgehDna9TWgOzIznNuK97cj6O/7WcY6kTNgjzcICaDHFS3RcxpRHVYFhoEd7Dy59GCqrvZicQ3kVvWXYc+TjQ==",
      "cpu": [
        "arm64"
      ],
      "license": "MPL-2.0",
      "optional": true,
      "os": [
        "linux"
      ]
    },
    "node_modules/@taleshape/shaper-linux-x64": {
      "version": "0.24.11",
      "resolved": "https://registry.npmjs.org/@taleshape/shaper-linux-x64/-/shaper-linux-x64-0.24.11.tgz",
      "integrity": "sha512-cJmm9ib6GydlBNpAJjF+Xghqau2viqksXH4ymwmxejTGjdfDyYJzx4VlGfSpU75DM+RyhWkA4JAjeYlYsq54pw==",
      "cpu": [
        "x64"
      ],
      "license": "MPL-2.0",
      "optional": true,
      "os": [
        "linux"
      ]
    }
  }
}
